Microsoft Visual Studio Solution File, Format Version 12.00
# Visual Studio 2013
VisualStudioVersion = 12.0.31101.0
MinimumVisualStudioVersion = 10.0.40219.1
Project("{8BC9CEB8-8B4A-11D0-8D11-00A0C91BC942}") = "jDesignerClassic7", "source\Tools\Editor\jwe_2013.vcxproj", "{C9D22404-B2F5-4775-B35D-264E0D8AE53E}"
	ProjectSection(ProjectDependencies) = postProject
		{DA9C671F-1998-42EC-8D3C-F14AE13AD4AD} = {DA9C671F-1998-42EC-8D3C-F14AE13AD4AD}
	EndProjectSection
EndProject
Project("{8BC9CEB8-8B4A-11D0-8D11-00A0C91BC942}") = "ActorObj", "source\Objects\ActorObj\ActorObj_2013.vcxproj", "{F92F9D20-CA3D-4422-B515-97AD9FC6354F}"
	ProjectSection(ProjectDependencies) = postProject
		{DA9C671F-1998-42EC-8D3C-F14AE13AD4AD} = {DA9C671F-1998-42EC-8D3C-F14AE13AD4AD}
	EndProjectSection
EndProject
Project("{8BC9CEB8-8B4A-11D0-8D11-00A0C91BC942}") = "AmbientObj", "source\Objects\AmbObject\AmbObject_2013.vcxproj", "{AE59EF06-2E3C-436B-A16C-ABA548989FEA}"
	ProjectSection(ProjectDependencies) = postProject
		{DA9C671F-1998-42EC-8D3C-F14AE13AD4AD} = {DA9C671F-1998-42EC-8D3C-F14AE13AD4AD}
	EndProjectSection
EndProject
Project("{8BC9CEB8-8B4A-11D0-8D11-00A0C91BC942}") = "BoxObj", "source\Objects\BoxObject\BoxObject_2013.vcxproj", "{57C26655-1B0C-4600-A88D-134578F3C672}"
	ProjectSection(ProjectDependencies) = postProject
		{DA9C671F-1998-42EC-8D3C-F14AE13AD4AD} = {DA9C671F-1998-42EC-8D3C-F14AE13AD4AD}
	EndProjectSection
EndProject
Project("{8BC9CEB8-8B4A-11D0-8D11-00A0C91BC942}") = "CameraObj", "source\Objects\CamObject\CamObject_2013.vcxproj", "{58C53D8C-A3B9-4F31-9852-7E282620AF52}"
	ProjectSection(ProjectDependencies) = postProject
		{DA9C671F-1998-42EC-8D3C-F14AE13AD4AD} = {DA9C671F-1998-42EC-8D3C-F14AE13AD4AD}
	EndProjectSection
EndProject
Project("{8BC9CEB8-8B4A-11D0-8D11-00A0C91BC942}") = "CoronaObj", "source\Objects\Corona\Corona_2013.vcxproj", "{ABB7668E-BEA1-44BA-8C89-530944CCA449}"
	ProjectSection(ProjectDependencies) = postProject
		{DA9C671F-1998-42EC-8D3C-F14AE13AD4AD} = {DA9C671F-1998-42EC-8D3C-F14AE13AD4AD}
	EndProjectSection
EndProject
Project("{8BC9CEB8-8B4A-11D0-8D11-00A0C91BC942}") = "DynLightObj", "source\Objects\DynamicLight\DynamicLight_2013.vcxproj", "{5DCE2830-6591-4A0D-85BC-767F3C29D358}"
	ProjectSection(ProjectDependencies) = postProject
		{DA9C671F-1998-42EC-8D3C-F14AE13AD4AD} = {DA9C671F-1998-42EC-8D3C-F14AE13AD4AD}
	EndProjectSection
EndProject
Project("{8BC9CEB8-8B4A-11D0-8D11-00A0C91BC942}") = "ModelObj", "source\Objects\ModelObject\ModelObject_2013.vcxproj", "{4EA438ED-671B-4866-B14A-A8B1D9E98AB7}"
	ProjectSection(ProjectDependencies) = postProject
		{DA9C671F-1998-42EC-8D3C-F14AE13AD4AD} = {DA9C671F-1998-42EC-8D3C-F14AE13AD4AD}
	EndProjectSection
EndProject
Project("{8BC9CEB8-8B4A-11D0-8D11-00A0C91BC942}") = "PathObj", "source\Objects\PathObject\PathObject_2013.vcxproj", "{61FA4DBA-7534-44D8-9457-D43B2EF8A67B}"
	ProjectSection(ProjectDependencies) = postProject
		{DA9C671F-1998-42EC-8D3C-F14AE13AD4AD} = {DA9C671F-1998-42EC-8D3C-F14AE13AD4AD}
	EndProjectSection
EndProject
Project("{8BC9CEB8-8B4A-11D0-8D11-00A0C91BC942}") = "PortalObj", "source\Objects\Portals\Portals_2013.vcxproj", "{E045DF11-6343-48D8-8820-944166E2FCDF}"
	ProjectSection(ProjectDependencies) = postProject
		{DA9C671F-1998-42EC-8D3C-F14AE13AD4AD} = {DA9C671F-1998-42EC-8D3C-F14AE13AD4AD}
	EndProjectSection
EndProject
Project("{8BC9CEB8-8B4A-11D0-8D11-00A0C91BC942}") = "PulsingLightObj", "source\Objects\PulsingLight\PulsingLight_2013.vcxproj", "{35EE686D-C977-4A78-A9D4-A508FFFC4FE6}"
	ProjectSection(ProjectDependencies) = postProject
		{DA9C671F-1998-42EC-8D3C-F14AE13AD4AD} = {DA9C671F-1998-42EC-8D3C-F14AE13AD4AD}
	EndProjectSection
EndProject
Project("{8BC9CEB8-8B4A-11D0-8D11-00A0C91BC942}") = "SpoutObj", "source\Objects\Spout\Spout_2013.vcxproj", "{4E7834C6-88F6-47A4-AC22-7E976915ED93}"
	ProjectSection(ProjectDependencies) = postProject
		{DA9C671F-1998-42EC-8D3C-F14AE13AD4AD} = {DA9C671F-1998-42EC-8D3C-F14AE13AD4AD}
	EndProjectSection
EndProject
Project("{8BC9CEB8-8B4A-11D0-8D11-00A0C91BC942}") = "terrainobj", "source\Objects\Terrain\terrainobj_2013.vcxproj", "{9EEFFC03-E0CF-4F05-A4B9-CA0B692F0195}"
	ProjectSection(ProjectDependencies) = postProject
		{DA9C671F-1998-42EC-8D3C-F14AE13AD4AD} = {DA9C671F-1998-42EC-8D3C-F14AE13AD4AD}
	EndProjectSection
EndProject
Project("{8BC9CEB8-8B4A-11D0-8D11-00A0C91BC942}") = "jActBuildClassic7", "source\Tools\ActorTools\ActBuild_2013.vcxproj", "{CFCEEDD6-74BB-4BDF-A68C-5ED644E1C61F}"
	ProjectSection(ProjectDependencies) = postProject
		{DA9C671F-1998-42EC-8D3C-F14AE13AD4AD} = {DA9C671F-1998-42EC-8D3C-F14AE13AD4AD}
	EndProjectSection
EndProject
Project("{8BC9CEB8-8B4A-11D0-8D11-00A0C91BC942}") = "jAStudioClassic7", "source\Tools\ActorTools\AStudio_2013.vcxproj", "{A284CC55-5933-4E4F-80D3-12968118B544}"
	ProjectSection(ProjectDependencies) = postProject
		{DA9C671F-1998-42EC-8D3C-F14AE13AD4AD} = {DA9C671F-1998-42EC-8D3C-F14AE13AD4AD}
	EndProjectSection
EndProject
Project("{8BC9CEB8-8B4A-11D0-8D11-00A0C91BC942}") = "StaticMeshObj", "source\Objects\StaticMesh\StaticMesh_2013.vcxproj", "{E91549ED-1B8F-412D-8472-9BCC3CD889DB}"
EndProject
Project("{8BC9CEB8-8B4A-11D0-8D11-00A0C91BC942}") = "jActorWorkbenchClassic7", "source\Tools\ActorWorkbench\ActorWorkbench_2013.vcxproj", "{69549287-EBD7-4575-9E2E-77D93A83B0D7}"
	ProjectSection(ProjectDependencies) = postProject
		{DA9C671F-1998-42EC-8D3C-F14AE13AD4AD} = {DA9C671F-1998-42EC-8D3C-F14AE13AD4AD}
	EndProjectSection
EndProject
Project("{8BC9CEB8-8B4A-11D0-8D11-00A0C91BC942}") = "jGameShellClassic7", "source\Tools\GameShell\GameShell_2013.vcxproj", "{37B92A27-EFE6-4A02-A88A-EEC0068C0582}"
	ProjectSection(ProjectDependencies) = postProject
		{9EEFFC03-E0CF-4F05-A4B9-CA0B692F0195} = {9EEFFC03-E0CF-4F05-A4B9-CA0B692F0195}
		{AE59EF06-2E3C-436B-A16C-ABA548989FEA} = {AE59EF06-2E3C-436B-A16C-ABA548989FEA}
		{E045DF11-6343-48D8-8820-944166E2FCDF} = {E045DF11-6343-48D8-8820-944166E2FCDF}
		{DA9C671F-1998-42EC-8D3C-F14AE13AD4AD} = {DA9C671F-1998-42EC-8D3C-F14AE13AD4AD}
		{F92F9D20-CA3D-4422-B515-97AD9FC6354F} = {F92F9D20-CA3D-4422-B515-97AD9FC6354F}
		{5DCE2830-6591-4A0D-85BC-767F3C29D358} = {5DCE2830-6591-4A0D-85BC-767F3C29D358}
		{57C26655-1B0C-4600-A88D-134578F3C672} = {57C26655-1B0C-4600-A88D-134578F3C672}
		{35EE686D-C977-4A78-A9D4-A508FFFC4FE6} = {35EE686D-C977-4A78-A9D4-A508FFFC4FE6}
		{58C53D8C-A3B9-4F31-9852-7E282620AF52} = {58C53D8C-A3B9-4F31-9852-7E282620AF52}
		{ABB7668E-BEA1-44BA-8C89-530944CCA449} = {ABB7668E-BEA1-44BA-8C89-530944CCA449}
		{61FA4DBA-7534-44D8-9457-D43B2EF8A67B} = {61FA4DBA-7534-44D8-9457-D43B2EF8A67B}
		{4E7834C6-88F6-47A4-AC22-7E976915ED93} = {4E7834C6-88F6-47A4-AC22-7E976915ED93}
		{4EA438ED-671B-4866-B14A-A8B1D9E98AB7} = {4EA438ED-671B-4866-B14A-A8B1D9E98AB7}
	EndProjectSection
EndProject
Project("{2150E333-8FDC-42A3-9474-1A3956D46DE8}") = "DXSDK_81", "DXSDK_81", "{C07F272A-91C3-4C6D-9764-C3A9ACE09D47}"
EndProject
Project("{2150E333-8FDC-42A3-9474-1A3956D46DE8}") = "include", "include", "{214EFB0F-5E73-4B33-8D6B-115A805E1228}"
	ProjectSection(SolutionItems) = preProject
		source\Engine\External\DXSDK_81\include\activecf.h = source\Engine\External\DXSDK_81\include\activecf.h
		source\Engine\External\DXSDK_81\include\amaudio.h = source\Engine\External\DXSDK_81\include\amaudio.h
		source\Engine\External\DXSDK_81\include\amparse.h = source\Engine\External\DXSDK_81\include\amparse.h
		source\Engine\External\DXSDK_81\include\amstream.h = source\Engine\External\DXSDK_81\include\amstream.h
		source\Engine\External\DXSDK_81\include\amva.h = source\Engine\External\DXSDK_81\include\amva.h
		source\Engine\External\DXSDK_81\include\Amvideo.h = source\Engine\External\DXSDK_81\include\Amvideo.h
		source\Engine\External\DXSDK_81\include\atsmedia.h = source\Engine\External\DXSDK_81\include\atsmedia.h
		source\Engine\External\DXSDK_81\include\audevcod.h = source\Engine\External\DXSDK_81\include\audevcod.h
		source\Engine\External\DXSDK_81\include\austream.h = source\Engine\External\DXSDK_81\include\austream.h
		source\Engine\External\DXSDK_81\include\aviriff.h = source\Engine\External\DXSDK_81\include\aviriff.h
		source\Engine\External\DXSDK_81\include\basetsd._h_commented out = source\Engine\External\DXSDK_81\include\basetsd._h_commented out
		source\Engine\External\DXSDK_81\include\bdaiface.h = source\Engine\External\DXSDK_81\include\bdaiface.h
		source\Engine\External\DXSDK_81\include\bdamedia.h = source\Engine\External\DXSDK_81\include\bdamedia.h
		source\Engine\External\DXSDK_81\include\Bdatif.h = source\Engine\External\DXSDK_81\include\Bdatif.h
		source\Engine\External\DXSDK_81\include\bdatypes.h = source\Engine\External\DXSDK_81\include\bdatypes.h
		source\Engine\External\DXSDK_81\include\comlite.h = source\Engine\External\DXSDK_81\include\comlite.h
		source\Engine\External\DXSDK_81\include\control.h = source\Engine\External\DXSDK_81\include\control.h
		source\Engine\External\DXSDK_81\include\d3d.h = source\Engine\External\DXSDK_81\include\d3d.h
		source\Engine\External\DXSDK_81\include\d3d8.h = source\Engine\External\DXSDK_81\include\d3d8.h
		source\Engine\External\DXSDK_81\include\d3d8caps.h = source\Engine\External\DXSDK_81\include\d3d8caps.h
		source\Engine\External\DXSDK_81\include\d3d8types.h = source\Engine\External\DXSDK_81\include\d3d8types.h
		source\Engine\External\DXSDK_81\include\d3dcaps.h = source\Engine\External\DXSDK_81\include\d3dcaps.h
		source\Engine\External\DXSDK_81\include\d3drm.h = source\Engine\External\DXSDK_81\include\d3drm.h
		source\Engine\External\DXSDK_81\include\d3drmdef.h = source\Engine\External\DXSDK_81\include\d3drmdef.h
		source\Engine\External\DXSDK_81\include\d3drmobj.h = source\Engine\External\DXSDK_81\include\d3drmobj.h
		source\Engine\External\DXSDK_81\include\d3drmwin.h = source\Engine\External\DXSDK_81\include\d3drmwin.h
		source\Engine\External\DXSDK_81\include\d3dtypes.h = source\Engine\External\DXSDK_81\include\d3dtypes.h
		source\Engine\External\DXSDK_81\include\d3dvec.inl = source\Engine\External\DXSDK_81\include\d3dvec.inl
		source\Engine\External\DXSDK_81\include\d3dx.h = source\Engine\External\DXSDK_81\include\d3dx.h
		source\Engine\External\DXSDK_81\include\d3dx8.h = source\Engine\External\DXSDK_81\include\d3dx8.h
		source\Engine\External\DXSDK_81\include\d3dx8core.h = source\Engine\External\DXSDK_81\include\d3dx8core.h
		source\Engine\External\DXSDK_81\include\d3dx8effect.h = source\Engine\External\DXSDK_81\include\d3dx8effect.h
		source\Engine\External\DXSDK_81\include\d3dx8math.h = source\Engine\External\DXSDK_81\include\d3dx8math.h
		source\Engine\External\DXSDK_81\include\d3dx8math.inl = source\Engine\External\DXSDK_81\include\d3dx8math.inl
		source\Engine\External\DXSDK_81\include\d3dx8mesh.h = source\Engine\External\DXSDK_81\include\d3dx8mesh.h
		source\Engine\External\DXSDK_81\include\d3dx8shape.h = source\Engine\External\DXSDK_81\include\d3dx8shape.h
		source\Engine\External\DXSDK_81\include\d3dx8tex.h = source\Engine\External\DXSDK_81\include\d3dx8tex.h
		source\Engine\External\DXSDK_81\include\d3dxcore.h = source\Engine\External\DXSDK_81\include\d3dxcore.h
		source\Engine\External\DXSDK_81\include\d3dxerr.h = source\Engine\External\DXSDK_81\include\d3dxerr.h
		source\Engine\External\DXSDK_81\include\d3dxmath.h = source\Engine\External\DXSDK_81\include\d3dxmath.h
		source\Engine\External\DXSDK_81\include\d3dxmath.inl = source\Engine\External\DXSDK_81\include\d3dxmath.inl
		source\Engine\External\DXSDK_81\include\d3dxshapes.h = source\Engine\External\DXSDK_81\include\d3dxshapes.h
		source\Engine\External\DXSDK_81\include\d3dxsprite.h = source\Engine\External\DXSDK_81\include\d3dxsprite.h
		source\Engine\External\DXSDK_81\include\ddraw.h = source\Engine\External\DXSDK_81\include\ddraw.h
		source\Engine\External\DXSDK_81\include\ddrawex.h = source\Engine\External\DXSDK_81\include\ddrawex.h
		source\Engine\External\DXSDK_81\include\ddstream.h = source\Engine\External\DXSDK_81\include\ddstream.h
		source\Engine\External\DXSDK_81\include\dinput.h = source\Engine\External\DXSDK_81\include\dinput.h
		source\Engine\External\DXSDK_81\include\dinputd.h = source\Engine\External\DXSDK_81\include\dinputd.h
		source\Engine\External\DXSDK_81\include\dls1.h = source\Engine\External\DXSDK_81\include\dls1.h
		source\Engine\External\DXSDK_81\include\dls2.h = source\Engine\External\DXSDK_81\include\dls2.h
		source\Engine\External\DXSDK_81\include\dmdls.h = source\Engine\External\DXSDK_81\include\dmdls.h
		source\Engine\External\DXSDK_81\include\dmerror.h = source\Engine\External\DXSDK_81\include\dmerror.h
		source\Engine\External\DXSDK_81\include\dmksctrl.h = source\Engine\External\DXSDK_81\include\dmksctrl.h
		source\Engine\External\DXSDK_81\include\dmo.h = source\Engine\External\DXSDK_81\include\dmo.h
		source\Engine\External\DXSDK_81\include\dmodshow.h = source\Engine\External\DXSDK_81\include\dmodshow.h
		source\Engine\External\DXSDK_81\include\dmoimpl.h = source\Engine\External\DXSDK_81\include\dmoimpl.h
		source\Engine\External\DXSDK_81\include\dmoreg.h = source\Engine\External\DXSDK_81\include\dmoreg.h
		source\Engine\External\DXSDK_81\include\dmort.h = source\Engine\External\DXSDK_81\include\dmort.h
		source\Engine\External\DXSDK_81\include\dmplugin.h = source\Engine\External\DXSDK_81\include\dmplugin.h
		source\Engine\External\DXSDK_81\include\dmusbuff.h = source\Engine\External\DXSDK_81\include\dmusbuff.h
		source\Engine\External\DXSDK_81\include\dmusicc.h = source\Engine\External\DXSDK_81\include\dmusicc.h
		source\Engine\External\DXSDK_81\include\dmusicf.h = source\Engine\External\DXSDK_81\include\dmusicf.h
		source\Engine\External\DXSDK_81\include\dmusici.h = source\Engine\External\DXSDK_81\include\dmusici.h
		source\Engine\External\DXSDK_81\include\dmusics.h = source\Engine\External\DXSDK_81\include\dmusics.h
		source\Engine\External\DXSDK_81\include\dpaddr.h = source\Engine\External\DXSDK_81\include\dpaddr.h
		source\Engine\External\DXSDK_81\include\dplay.h = source\Engine\External\DXSDK_81\include\dplay.h
		source\Engine\External\DXSDK_81\include\dplay8.h = source\Engine\External\DXSDK_81\include\dplay8.h
		source\Engine\External\DXSDK_81\include\dplobby.h = source\Engine\External\DXSDK_81\include\dplobby.h
		source\Engine\External\DXSDK_81\include\dplobby8.h = source\Engine\External\DXSDK_81\include\dplobby8.h
		source\Engine\External\DXSDK_81\include\dsetup.h = source\Engine\External\DXSDK_81\include\dsetup.h
		source\Engine\External\DXSDK_81\include\DShow.h = source\Engine\External\DXSDK_81\include\DShow.h
		source\Engine\External\DXSDK_81\include\dshowasf.h = source\Engine\External\DXSDK_81\include\dshowasf.h
		source\Engine\External\DXSDK_81\include\dsound.h = source\Engine\External\DXSDK_81\include\dsound.h
		source\Engine\External\DXSDK_81\include\dv.h = source\Engine\External\DXSDK_81\include\dv.h
		source\Engine\External\DXSDK_81\include\dvdevcod.h = source\Engine\External\DXSDK_81\include\dvdevcod.h
		source\Engine\External\DXSDK_81\include\dvdmedia.h = source\Engine\External\DXSDK_81\include\dvdmedia.h
		source\Engine\External\DXSDK_81\include\dvoice.h = source\Engine\External\DXSDK_81\include\dvoice.h
		source\Engine\External\DXSDK_81\include\dvp.h = source\Engine\External\DXSDK_81\include\dvp.h
		source\Engine\External\DXSDK_81\include\dx7todx8.h = source\Engine\External\DXSDK_81\include\dx7todx8.h
		source\Engine\External\DXSDK_81\include\dxerr8.h = source\Engine\External\DXSDK_81\include\dxerr8.h
		source\Engine\External\DXSDK_81\include\dxfile.h = source\Engine\External\DXSDK_81\include\dxfile.h
		source\Engine\External\DXSDK_81\include\dxsdk.inc = source\Engine\External\DXSDK_81\include\dxsdk.inc
		source\Engine\External\DXSDK_81\include\dxtrans.h = source\Engine\External\DXSDK_81\include\dxtrans.h
		source\Engine\External\DXSDK_81\include\dxva.h = source\Engine\External\DXSDK_81\include\dxva.h
		source\Engine\External\DXSDK_81\include\edevdefs.h = source\Engine\External\DXSDK_81\include\edevdefs.h
		source\Engine\External\DXSDK_81\include\errors.h = source\Engine\External\DXSDK_81\include\errors.h
		source\Engine\External\DXSDK_81\include\evcode.h = source\Engine\External\DXSDK_81\include\evcode.h
		source\Engine\External\DXSDK_81\include\il21dec.h = source\Engine\External\DXSDK_81\include\il21dec.h
		source\Engine\External\DXSDK_81\include\Iwstdec.h = source\Engine\External\DXSDK_81\include\Iwstdec.h
		source\Engine\External\DXSDK_81\include\ks.h = source\Engine\External\DXSDK_81\include\ks.h
		source\Engine\External\DXSDK_81\include\ksguid.h = source\Engine\External\DXSDK_81\include\ksguid.h
		source\Engine\External\DXSDK_81\include\ksmedia.h = source\Engine\External\DXSDK_81\include\ksmedia.h
		source\Engine\External\DXSDK_81\include\ksproxy.h = source\Engine\External\DXSDK_81\include\ksproxy.h
		source\Engine\External\DXSDK_81\include\ksuuids.h = source\Engine\External\DXSDK_81\include\ksuuids.h
		source\Engine\External\DXSDK_81\include\mediaerr.h = source\Engine\External\DXSDK_81\include\mediaerr.h
		source\Engine\External\DXSDK_81\include\mediaobj.h = source\Engine\External\DXSDK_81\include\mediaobj.h
		source\Engine\External\DXSDK_81\include\medparam.h = source\Engine\External\DXSDK_81\include\medparam.h
		source\Engine\External\DXSDK_81\include\mmstream.h = source\Engine\External\DXSDK_81\include\mmstream.h
		source\Engine\External\DXSDK_81\include\mpconfig.h = source\Engine\External\DXSDK_81\include\mpconfig.h
		source\Engine\External\DXSDK_81\include\mpegtype.h = source\Engine\External\DXSDK_81\include\mpegtype.h
		source\Engine\External\DXSDK_81\include\Mstvca.h = source\Engine\External\DXSDK_81\include\Mstvca.h
		source\Engine\External\DXSDK_81\include\Mstve.h = source\Engine\External\DXSDK_81\include\Mstve.h
		source\Engine\External\DXSDK_81\include\Msvidctl.h = source\Engine\External\DXSDK_81\include\Msvidctl.h
		source\Engine\External\DXSDK_81\include\Msvidctl.tlb = source\Engine\External\DXSDK_81\include\Msvidctl.tlb
		source\Engine\External\DXSDK_81\include\multimon.h = source\Engine\External\DXSDK_81\include\multimon.h
		source\Engine\External\DXSDK_81\include\playlist.h = source\Engine\External\DXSDK_81\include\playlist.h
		source\Engine\External\DXSDK_81\include\qedit.h = source\Engine\External\DXSDK_81\include\qedit.h
		source\Engine\External\DXSDK_81\include\qnetwork.h = source\Engine\External\DXSDK_81\include\qnetwork.h
		source\Engine\External\DXSDK_81\include\regbag.h = source\Engine\External\DXSDK_81\include\regbag.h
		source\Engine\External\DXSDK_81\include\rmxfguid.h = source\Engine\External\DXSDK_81\include\rmxfguid.h
		source\Engine\External\DXSDK_81\include\rmxftmpl.h = source\Engine\External\DXSDK_81\include\rmxftmpl.h
		source\Engine\External\DXSDK_81\include\Segment.h = source\Engine\External\DXSDK_81\include\Segment.h
		source\Engine\External\DXSDK_81\include\strmif.h = source\Engine\External\DXSDK_81\include\strmif.h
		source\Engine\External\DXSDK_81\include\tune.h = source\Engine\External\DXSDK_81\include\tune.h
		source\Engine\External\DXSDK_81\include\tuner.h = source\Engine\External\DXSDK_81\include\tuner.h
		source\Engine\External\DXSDK_81\include\Tuner.tlb = source\Engine\External\DXSDK_81\include\Tuner.tlb
		source\Engine\External\DXSDK_81\include\uuids.h = source\Engine\External\DXSDK_81\include\uuids.h
		source\Engine\External\DXSDK_81\include\vfwmsgs.h = source\Engine\External\DXSDK_81\include\vfwmsgs.h
		source\Engine\External\DXSDK_81\include\videoacc.h = source\Engine\External\DXSDK_81\include\videoacc.h
		source\Engine\External\DXSDK_81\include\vpconfig.h = source\Engine\External\DXSDK_81\include\vpconfig.h
		source\Engine\External\DXSDK_81\include\vpnotify.h = source\Engine\External\DXSDK_81\include\vpnotify.h
		source\Engine\External\DXSDK_81\include\vptype.h = source\Engine\External\DXSDK_81\include\vptype.h
		source\Engine\External\DXSDK_81\include\xprtdefs.h = source\Engine\External\DXSDK_81\include\xprtdefs.h
	EndProjectSection
EndProject
Project("{2150E333-8FDC-42A3-9474-1A3956D46DE8}") = "lib", "lib", "{CACE6139-1FAC-4158-BDFE-551962B79997}"
	ProjectSection(SolutionItems) = preProject
		source\Engine\External\DXSDK_81\lib\amstrmid.lib = source\Engine\External\DXSDK_81\lib\amstrmid.lib
		source\Engine\External\DXSDK_81\lib\d3d8.lib = source\Engine\External\DXSDK_81\lib\d3d8.lib
		source\Engine\External\DXSDK_81\lib\d3dx.lib = source\Engine\External\DXSDK_81\lib\d3dx.lib
		source\Engine\External\DXSDK_81\lib\d3dx8.lib = source\Engine\External\DXSDK_81\lib\d3dx8.lib
		source\Engine\External\DXSDK_81\lib\d3dx8d.lib = source\Engine\External\DXSDK_81\lib\d3dx8d.lib
		source\Engine\External\DXSDK_81\lib\d3dx8dt.lib = source\Engine\External\DXSDK_81\lib\d3dx8dt.lib
		source\Engine\External\DXSDK_81\lib\d3dxd.lib = source\Engine\External\DXSDK_81\lib\d3dxd.lib
		source\Engine\External\DXSDK_81\lib\d3dxof.lib = source\Engine\External\DXSDK_81\lib\d3dxof.lib
		source\Engine\External\DXSDK_81\lib\ddraw.lib = source\Engine\External\DXSDK_81\lib\ddraw.lib
		source\Engine\External\DXSDK_81\lib\dinput.lib = source\Engine\External\DXSDK_81\lib\dinput.lib
		source\Engine\External\DXSDK_81\lib\dinput8.lib = source\Engine\External\DXSDK_81\lib\dinput8.lib
		source\Engine\External\DXSDK_81\lib\dmoguids.lib = source\Engine\External\DXSDK_81\lib\dmoguids.lib
		source\Engine\External\DXSDK_81\lib\dplayx.lib = source\Engine\External\DXSDK_81\lib\dplayx.lib
		source\Engine\External\DXSDK_81\lib\dsetup.lib = source\Engine\External\DXSDK_81\lib\dsetup.lib
		source\Engine\External\DXSDK_81\lib\dsound.lib = source\Engine\External\DXSDK_81\lib\dsound.lib
		source\Engine\External\DXSDK_81\lib\DxErr8.lib = source\Engine\External\DXSDK_81\lib\DxErr8.lib
		source\Engine\External\DXSDK_81\lib\dxguid.lib = source\Engine\External\DXSDK_81\lib\dxguid.lib
		source\Engine\External\DXSDK_81\lib\dxtrans.lib = source\Engine\External\DXSDK_81\lib\dxtrans.lib
		source\Engine\External\DXSDK_81\lib\ksproxy.lib = source\Engine\External\DXSDK_81\lib\ksproxy.lib
		source\Engine\External\DXSDK_81\lib\ksuser.lib = source\Engine\External\DXSDK_81\lib\ksuser.lib
		source\Engine\External\DXSDK_81\lib\msdmo.lib = source\Engine\External\DXSDK_81\lib\msdmo.lib
		source\Engine\External\DXSDK_81\lib\quartz.lib = source\Engine\External\DXSDK_81\lib\quartz.lib
		source\Engine\External\DXSDK_81\lib\strmiids.lib = source\Engine\External\DXSDK_81\lib\strmiids.lib
	EndProjectSection
EndProject
Project("{8BC9CEB8-8B4A-11D0-8D11-00A0C91BC942}") = "jMinAppClassic7", "source\Tools\jMinApp\jMinApp_2013.vcxproj", "{5FE0ADBE-49AD-4A4A-A8BB-1FDC66F410B1}"
	ProjectSection(ProjectDependencies) = postProject
		{9EEFFC03-E0CF-4F05-A4B9-CA0B692F0195} = {9EEFFC03-E0CF-4F05-A4B9-CA0B692F0195}
		{AE59EF06-2E3C-436B-A16C-ABA548989FEA} = {AE59EF06-2E3C-436B-A16C-ABA548989FEA}
		{E045DF11-6343-48D8-8820-944166E2FCDF} = {E045DF11-6343-48D8-8820-944166E2FCDF}
		{DA9C671F-1998-42EC-8D3C-F14AE13AD4AD} = {DA9C671F-1998-42EC-8D3C-F14AE13AD4AD}
		{F92F9D20-CA3D-4422-B515-97AD9FC6354F} = {F92F9D20-CA3D-4422-B515-97AD9FC6354F}
		{5DCE2830-6591-4A0D-85BC-767F3C29D358} = {5DCE2830-6591-4A0D-85BC-767F3C29D358}
		{57C26655-1B0C-4600-A88D-134578F3C672} = {57C26655-1B0C-4600-A88D-134578F3C672}
		{35EE686D-C977-4A78-A9D4-A508FFFC4FE6} = {35EE686D-C977-4A78-A9D4-A508FFFC4FE6}
		{58C53D8C-A3B9-4F31-9852-7E282620AF52} = {58C53D8C-A3B9-4F31-9852-7E282620AF52}
		{ABB7668E-BEA1-44BA-8C89-530944CCA449} = {ABB7668E-BEA1-44BA-8C89-530944CCA449}
		{61FA4DBA-7534-44D8-9457-D43B2EF8A67B} = {61FA4DBA-7534-44D8-9457-D43B2EF8A67B}
		{4E7834C6-88F6-47A4-AC22-7E976915ED93} = {4E7834C6-88F6-47A4-AC22-7E976915ED93}
		{4EA438ED-671B-4866-B14A-A8B1D9E98AB7} = {4EA438ED-671B-4866-B14A-A8B1D9E98AB7}
	EndProjectSection
EndProject
Project("{8BC9CEB8-8B4A-11D0-8D11-00A0C91BC942}") = "Jet3DClassic7", "source\Engine\JetEngine\Jet3D_2013.vcxproj", "{DA9C671F-1998-42EC-8D3C-F14AE13AD4AD}"
EndProject
Project("{8BC9CEB8-8B4A-11D0-8D11-00A0C91BC942}") = "JetEditor", "source\Tools\JetEditor\JetEditor.vcxproj", "{0E20717E-0F09-4AA9-ABB0-3FC8BE4F0799}"
EndProject
Global
	GlobalSection(SolutionConfigurationPlatforms) = preSolution
		Debug|Win32 = Debug|Win32
		KEY Hybrid|Win32 = KEY Hybrid|Win32
		KEY Release|Win32 = KEY Release|Win32
		NFO Hybrid|Win32 = NFO Hybrid|Win32
		NFO Release|Win32 = NFO Release|Win32
		Release|Win32 = Release|Win32
		Template|Win32 = Template|Win32
	EndGlobalSection
	GlobalSection(ProjectConfigurationPlatforms) = postSolution
		{C9D22404-B2F5-4775-B35D-264E0D8AE53E}.Debug|Win32.ActiveCfg = Debug|Win32
		{C9D22404-B2F5-4775-B35D-264E0D8AE53E}.Debug|Win32.Build.0 = Debug|Win32
		{C9D22404-B2F5-4775-B35D-264E0D8AE53E}.KEY Hybrid|Win32.ActiveCfg = Release|Win32
		{C9D22404-B2F5-4775-B35D-264E0D8AE53E}.KEY Hybrid|Win32.Build.0 = Release|Win32
		{C9D22404-B2F5-4775-B35D-264E0D8AE53E}.KEY Release|Win32.ActiveCfg = Release|Win32
		{C9D22404-B2F5-4775-B35D-264E0D8AE53E}.KEY Release|Win32.Build.0 = Release|Win32
		{C9D22404-B2F5-4775-B35D-264E0D8AE53E}.NFO Hybrid|Win32.ActiveCfg = Release|Win32
		{C9D22404-B2F5-4775-B35D-264E0D8AE53E}.NFO Hybrid|Win32.Build.0 = Release|Win32
		{C9D22404-B2F5-4775-B35D-264E0D8AE53E}.NFO Release|Win32.ActiveCfg = Release|Win32
		{C9D22404-B2F5-4775-B35D-264E0D8AE53E}.NFO Release|Win32.Build.0 = Release|Win32
		{C9D22404-B2F5-4775-B35D-264E0D8AE53E}.Release|Win32.ActiveCfg = Release|Win32
		{C9D22404-B2F5-4775-B35D-264E0D8AE53E}.Release|Win32.Build.0 = Release|Win32
		{C9D22404-B2F5-4775-B35D-264E0D8AE53E}.Template|Win32.ActiveCfg = Template|Win32
		{C9D22404-B2F5-4775-B35D-264E0D8AE53E}.Template|Win32.Build.0 = Template|Win32
		{F92F9D20-CA3D-4422-B515-97AD9FC6354F}.Debug|Win32.ActiveCfg = Debug|Win32
		{F92F9D20-CA3D-4422-B515-97AD9FC6354F}.Debug|Win32.Build.0 = Debug|Win32
		{F92F9D20-CA3D-4422-B515-97AD9FC6354F}.KEY Hybrid|Win32.ActiveCfg = Debug|Win32
		{F92F9D20-CA3D-4422-B515-97AD9FC6354F}.KEY Hybrid|Win32.Build.0 = Debug|Win32
		{F92F9D20-CA3D-4422-B515-97AD9FC6354F}.KEY Release|Win32.ActiveCfg = Release|Win32
		{F92F9D20-CA3D-4422-B515-97AD9FC6354F}.KEY Release|Win32.Build.0 = Release|Win32
		{F92F9D20-CA3D-4422-B515-97AD9FC6354F}.NFO Hybrid|Win32.ActiveCfg = Debug|Win32
		{F92F9D20-CA3D-4422-B515-97AD9FC6354F}.NFO Hybrid|Win32.Build.0 = Debug|Win32
		{F92F9D20-CA3D-4422-B515-97AD9FC6354F}.NFO Release|Win32.ActiveCfg = Release|Win32
		{F92F9D20-CA3D-4422-B515-97AD9FC6354F}.NFO Release|Win32.Build.0 = Release|Win32
		{F92F9D20-CA3D-4422-B515-97AD9FC6354F}.Release|Win32.ActiveCfg = Release|Win32
		{F92F9D20-CA3D-4422-B515-97AD9FC6354F}.Release|Win32.Build.0 = Release|Win32
		{F92F9D20-CA3D-4422-B515-97AD9FC6354F}.Template|Win32.ActiveCfg = Release|Win32
		{F92F9D20-CA3D-4422-B515-97AD9FC6354F}.Template|Win32.Build.0 = Release|Win32
		{AE59EF06-2E3C-436B-A16C-ABA548989FEA}.Debug|Win32.ActiveCfg = Debug|Win32
		{AE59EF06-2E3C-436B-A16C-ABA548989FEA}.Debug|Win32.Build.0 = Debug|Win32
		{AE59EF06-2E3C-436B-A16C-ABA548989FEA}.KEY Hybrid|Win32.ActiveCfg = Debug|Win32
		{AE59EF06-2E3C-436B-A16C-ABA548989FEA}.KEY Hybrid|Win32.Build.0 = Debug|Win32
		{AE59EF06-2E3C-436B-A16C-ABA548989FEA}.KEY Release|Win32.ActiveCfg = Release|Win32
		{AE59EF06-2E3C-436B-A16C-ABA548989FEA}.KEY Release|Win32.Build.0 = Release|Win32
		{AE59EF06-2E3C-436B-A16C-ABA548989FEA}.NFO Hybrid|Win32.ActiveCfg = Debug|Win32
		{AE59EF06-2E3C-436B-A16C-ABA548989FEA}.NFO Hybrid|Win32.Build.0 = Debug|Win32
		{AE59EF06-2E3C-436B-A16C-ABA548989FEA}.NFO Release|Win32.ActiveCfg = Release|Win32
		{AE59EF06-2E3C-436B-A16C-ABA548989FEA}.NFO Release|Win32.Build.0 = Release|Win32
		{AE59EF06-2E3C-436B-A16C-ABA548989FEA}.Release|Win32.ActiveCfg = Release|Win32
		{AE59EF06-2E3C-436B-A16C-ABA548989FEA}.Release|Win32.Build.0 = Release|Win32
		{AE59EF06-2E3C-436B-A16C-ABA548989FEA}.Template|Win32.ActiveCfg = Release|Win32
		{AE59EF06-2E3C-436B-A16C-ABA548989FEA}.Template|Win32.Build.0 = Release|Win32
		{57C26655-1B0C-4600-A88D-134578F3C672}.Debug|Win32.ActiveCfg = Debug|Win32
		{57C26655-1B0C-4600-A88D-134578F3C672}.Debug|Win32.Build.0 = Debug|Win32
		{57C26655-1B0C-4600-A88D-134578F3C672}.KEY Hybrid|Win32.ActiveCfg = Debug|Win32
		{57C26655-1B0C-4600-A88D-134578F3C672}.KEY Hybrid|Win32.Build.0 = Debug|Win32
		{57C26655-1B0C-4600-A88D-134578F3C672}.KEY Release|Win32.ActiveCfg = Release|Win32
		{57C26655-1B0C-4600-A88D-134578F3C672}.KEY Release|Win32.Build.0 = Release|Win32
		{57C26655-1B0C-4600-A88D-134578F3C672}.NFO Hybrid|Win32.ActiveCfg = Debug|Win32
		{57C26655-1B0C-4600-A88D-134578F3C672}.NFO Hybrid|Win32.Build.0 = Debug|Win32
		{57C26655-1B0C-4600-A88D-134578F3C672}.NFO Release|Win32.ActiveCfg = Release|Win32
		{57C26655-1B0C-4600-A88D-134578F3C672}.NFO Release|Win32.Build.0 = Release|Win32
		{57C26655-1B0C-4600-A88D-134578F3C672}.Release|Win32.ActiveCfg = Release|Win32
		{57C26655-1B0C-4600-A88D-134578F3C672}.Release|Win32.Build.0 = Release|Win32
		{57C26655-1B0C-4600-A88D-134578F3C672}.Template|Win32.ActiveCfg = Release|Win32
		{57C26655-1B0C-4600-A88D-134578F3C672}.Template|Win32.Build.0 = Release|Win32
		{58C53D8C-A3B9-4F31-9852-7E282620AF52}.Debug|Win32.ActiveCfg = Debug|Win32
		{58C53D8C-A3B9-4F31-9852-7E282620AF52}.Debug|Win32.Build.0 = Debug|Win32
		{58C53D8C-A3B9-4F31-9852-7E282620AF52}.KEY Hybrid|Win32.ActiveCfg = Debug|Win32
		{58C53D8C-A3B9-4F31-9852-7E282620AF52}.KEY Hybrid|Win32.Build.0 = Debug|Win32
		{58C53D8C-A3B9-4F31-9852-7E282620AF52}.KEY Release|Win32.ActiveCfg = Release|Win32
		{58C53D8C-A3B9-4F31-9852-7E282620AF52}.KEY Release|Win32.Build.0 = Release|Win32
		{58C53D8C-A3B9-4F31-9852-7E282620AF52}.NFO Hybrid|Win32.ActiveCfg = Debug|Win32
		{58C53D8C-A3B9-4F31-9852-7E282620AF52}.NFO Hybrid|Win32.Build.0 = Debug|Win32
		{58C53D8C-A3B9-4F31-9852-7E282620AF52}.NFO Release|Win32.ActiveCfg = Release|Win32
		{58C53D8C-A3B9-4F31-9852-7E282620AF52}.NFO Release|Win32.Build.0 = Release|Win32
		{58C53D8C-A3B9-4F31-9852-7E282620AF52}.Release|Win32.ActiveCfg = Release|Win32
		{58C53D8C-A3B9-4F31-9852-7E282620AF52}.Release|Win32.Build.0 = Release|Win32
		{58C53D8C-A3B9-4F31-9852-7E282620AF52}.Template|Win32.ActiveCfg = Release|Win32
		{58C53D8C-A3B9-4F31-9852-7E282620AF52}.Template|Win32.Build.0 = Release|Win32
		{ABB7668E-BEA1-44BA-8C89-530944CCA449}.Debug|Win32.ActiveCfg = Debug|Win32
		{ABB7668E-BEA1-44BA-8C89-530944CCA449}.Debug|Win32.Build.0 = Debug|Win32
		{ABB7668E-BEA1-44BA-8C89-530944CCA449}.KEY Hybrid|Win32.ActiveCfg = Release|Win32
		{ABB7668E-BEA1-44BA-8C89-530944CCA449}.KEY Hybrid|Win32.Build.0 = Release|Win32
		{ABB7668E-BEA1-44BA-8C89-530944CCA449}.KEY Release|Win32.ActiveCfg = Release|Win32
		{ABB7668E-BEA1-44BA-8C89-530944CCA449}.KEY Release|Win32.Build.0 = Release|Win32
		{ABB7668E-BEA1-44BA-8C89-530944CCA449}.NFO Hybrid|Win32.ActiveCfg = Release|Win32
		{ABB7668E-BEA1-44BA-8C89-530944CCA449}.NFO Hybrid|Win32.Build.0 = Release|Win32
		{ABB7668E-BEA1-44BA-8C89-530944CCA449}.NFO Release|Win32.ActiveCfg = Release|Win32
		{ABB7668E-BEA1-44BA-8C89-530944CCA449}.NFO Release|Win32.Build.0 = Release|Win32
		{ABB7668E-BEA1-44BA-8C89-530944CCA449}.Release|Win32.ActiveCfg = Release|Win32
		{ABB7668E-BEA1-44BA-8C89-530944CCA449}.Release|Win32.Build.0 = Release|Win32
		{ABB7668E-BEA1-44BA-8C89-530944CCA449}.Template|Win32.ActiveCfg = Release|Win32
		{ABB7668E-BEA1-44BA-8C89-530944CCA449}.Template|Win32.Build.0 = Release|Win32
		{5DCE2830-6591-4A0D-85BC-767F3C29D358}.Debug|Win32.ActiveCfg = Debug|Win32
		{5DCE2830-6591-4A0D-85BC-767F3C29D358}.Debug|Win32.Build.0 = Debug|Win32
		{5DCE2830-6591-4A0D-85BC-767F3C29D358}.KEY Hybrid|Win32.ActiveCfg = Debug|Win32
		{5DCE2830-6591-4A0D-85BC-767F3C29D358}.KEY Hybrid|Win32.Build.0 = Debug|Win32
		{5DCE2830-6591-4A0D-85BC-767F3C29D358}.KEY Release|Win32.ActiveCfg = Release|Win32
		{5DCE2830-6591-4A0D-85BC-767F3C29D358}.KEY Release|Win32.Build.0 = Release|Win32
		{5DCE2830-6591-4A0D-85BC-767F3C29D358}.NFO Hybrid|Win32.ActiveCfg = Debug|Win32
		{5DCE2830-6591-4A0D-85BC-767F3C29D358}.NFO Hybrid|Win32.Build.0 = Debug|Win32
		{5DCE2830-6591-4A0D-85BC-767F3C29D358}.NFO Release|Win32.ActiveCfg = Release|Win32
		{5DCE2830-6591-4A0D-85BC-767F3C29D358}.NFO Release|Win32.Build.0 = Release|Win32
		{5DCE2830-6591-4A0D-85BC-767F3C29D358}.Release|Win32.ActiveCfg = Release|Win32
		{5DCE2830-6591-4A0D-85BC-767F3C29D358}.Release|Win32.Build.0 = Release|Win32
		{5DCE2830-6591-4A0D-85BC-767F3C29D358}.Template|Win32.ActiveCfg = Release|Win32
		{5DCE2830-6591-4A0D-85BC-767F3C29D358}.Template|Win32.Build.0 = Release|Win32
		{4EA438ED-671B-4866-B14A-A8B1D9E98AB7}.Debug|Win32.ActiveCfg = Debug|Win32
		{4EA438ED-671B-4866-B14A-A8B1D9E98AB7}.Debug|Win32.Build.0 = Debug|Win32
		{4EA438ED-671B-4866-B14A-A8B1D9E98AB7}.KEY Hybrid|Win32.ActiveCfg = Debug|Win32
		{4EA438ED-671B-4866-B14A-A8B1D9E98AB7}.KEY Hybrid|Win32.Build.0 = Debug|Win32
		{4EA438ED-671B-4866-B14A-A8B1D9E98AB7}.KEY Release|Win32.ActiveCfg = Release|Win32
		{4EA438ED-671B-4866-B14A-A8B1D9E98AB7}.KEY Release|Win32.Build.0 = Release|Win32
		{4EA438ED-671B-4866-B14A-A8B1D9E98AB7}.NFO Hybrid|Win32.ActiveCfg = Debug|Win32
		{4EA438ED-671B-4866-B14A-A8B1D9E98AB7}.NFO Hybrid|Win32.Build.0 = Debug|Win32
		{4EA438ED-671B-4866-B14A-A8B1D9E98AB7}.NFO Release|Win32.ActiveCfg = Release|Win32
		{4EA438ED-671B-4866-B14A-A8B1D9E98AB7}.NFO Release|Win32.Build.0 = Release|Win32
		{4EA438ED-671B-4866-B14A-A8B1D9E98AB7}.Release|Win32.ActiveCfg = Release|Win32
		{4EA438ED-671B-4866-B14A-A8B1D9E98AB7}.Release|Win32.Build.0 = Release|Win32
		{4EA438ED-671B-4866-B14A-A8B1D9E98AB7}.Template|Win32.ActiveCfg = Release|Win32
		{4EA438ED-671B-4866-B14A-A8B1D9E98AB7}.Template|Win32.Build.0 = Release|Win32
		{61FA4DBA-7534-44D8-9457-D43B2EF8A67B}.Debug|Win32.ActiveCfg = Debug|Win32
		{61FA4DBA-7534-44D8-9457-D43B2EF8A67B}.Debug|Win32.Build.0 = Debug|Win32
		{61FA4DBA-7534-44D8-9457-D43B2EF8A67B}.KEY Hybrid|Win32.ActiveCfg = Debug|Win32
		{61FA4DBA-7534-44D8-9457-D43B2EF8A67B}.KEY Hybrid|Win32.Build.0 = Debug|Win32
		{61FA4DBA-7534-44D8-9457-D43B2EF8A67B}.KEY Release|Win32.ActiveCfg = Release|Win32
		{61FA4DBA-7534-44D8-9457-D43B2EF8A67B}.KEY Release|Win32.Build.0 = Release|Win32
		{61FA4DBA-7534-44D8-9457-D43B2EF8A67B}.NFO Hybrid|Win32.ActiveCfg = Debug|Win32
		{61FA4DBA-7534-44D8-9457-D43B2EF8A67B}.NFO Hybrid|Win32.Build.0 = Debug|Win32
		{61FA4DBA-7534-44D8-9457-D43B2EF8A67B}.NFO Release|Win32.ActiveCfg = Release|Win32
		{61FA4DBA-7534-44D8-9457-D43B2EF8A67B}.NFO Release|Win32.Build.0 = Release|Win32
		{61FA4DBA-7534-44D8-9457-D43B2EF8A67B}.Release|Win32.ActiveCfg = Release|Win32
		{61FA4DBA-7534-44D8-9457-D43B2EF8A67B}.Release|Win32.Build.0 = Release|Win32
		{61FA4DBA-7534-44D8-9457-D43B2EF8A67B}.Template|Win32.ActiveCfg = Release|Win32
		{61FA4DBA-7534-44D8-9457-D43B2EF8A67B}.Template|Win32.Build.0 = Release|Win32
		{E045DF11-6343-48D8-8820-944166E2FCDF}.Debug|Win32.ActiveCfg = Debug|Win32
		{E045DF11-6343-48D8-8820-944166E2FCDF}.Debug|Win32.Build.0 = Debug|Win32
		{E045DF11-6343-48D8-8820-944166E2FCDF}.KEY Hybrid|Win32.ActiveCfg = Release|Win32
		{E045DF11-6343-48D8-8820-944166E2FCDF}.KEY Hybrid|Win32.Build.0 = Release|Win32
		{E045DF11-6343-48D8-8820-944166E2FCDF}.KEY Release|Win32.ActiveCfg = Release|Win32
		{E045DF11-6343-48D8-8820-944166E2FCDF}.KEY Release|Win32.Build.0 = Release|Win32
		{E045DF11-6343-48D8-8820-944166E2FCDF}.NFO Hybrid|Win32.ActiveCfg = Release|Win32
		{E045DF11-6343-48D8-8820-944166E2FCDF}.NFO Hybrid|Win32.Build.0 = Release|Win32
		{E045DF11-6343-48D8-8820-944166E2FCDF}.NFO Release|Win32.ActiveCfg = Release|Win32
		{E045DF11-6343-48D8-8820-944166E2FCDF}.NFO Release|Win32.Build.0 = Release|Win32
		{E045DF11-6343-48D8-8820-944166E2FCDF}.Release|Win32.ActiveCfg = Release|Win32
		{E045DF11-6343-48D8-8820-944166E2FCDF}.Release|Win32.Build.0 = Release|Win32
		{E045DF11-6343-48D8-8820-944166E2FCDF}.Template|Win32.ActiveCfg = Release|Win32
		{E045DF11-6343-48D8-8820-944166E2FCDF}.Template|Win32.Build.0 = Release|Win32
		{35EE686D-C977-4A78-A9D4-A508FFFC4FE6}.Debug|Win32.ActiveCfg = Debug|Win32
		{35EE686D-C977-4A78-A9D4-A508FFFC4FE6}.Debug|Win32.Build.0 = Debug|Win32
		{35EE686D-C977-4A78-A9D4-A508FFFC4FE6}.KEY Hybrid|Win32.ActiveCfg = Debug|Win32
		{35EE686D-C977-4A78-A9D4-A508FFFC4FE6}.KEY Hybrid|Win32.Build.0 = Debug|Win32
		{35EE686D-C977-4A78-A9D4-A508FFFC4FE6}.KEY Release|Win32.ActiveCfg = Release|Win32
		{35EE686D-C977-4A78-A9D4-A508FFFC4FE6}.KEY Release|Win32.Build.0 = Release|Win32
		{35EE686D-C977-4A78-A9D4-A508FFFC4FE6}.NFO Hybrid|Win32.ActiveCfg = Debug|Win32
		{35EE686D-C977-4A78-A9D4-A508FFFC4FE6}.NFO Hybrid|Win32.Build.0 = Debug|Win32
		{35EE686D-C977-4A78-A9D4-A508FFFC4FE6}.NFO Release|Win32.ActiveCfg = Release|Win32
		{35EE686D-C977-4A78-A9D4-A508FFFC4FE6}.NFO Release|Win32.Build.0 = Release|Win32
		{35EE686D-C977-4A78-A9D4-A508FFFC4FE6}.Release|Win32.ActiveCfg = Release|Win32
		{35EE686D-C977-4A78-A9D4-A508FFFC4FE6}.Release|Win32.Build.0 = Release|Win32
		{35EE686D-C977-4A78-A9D4-A508FFFC4FE6}.Template|Win32.ActiveCfg = Release|Win32
		{35EE686D-C977-4A78-A9D4-A508FFFC4FE6}.Template|Win32.Build.0 = Release|Win32
		{4E7834C6-88F6-47A4-AC22-7E976915ED93}.Debug|Win32.ActiveCfg = Debug|Win32
		{4E7834C6-88F6-47A4-AC22-7E976915ED93}.Debug|Win32.Build.0 = Debug|Win32
		{4E7834C6-88F6-47A4-AC22-7E976915ED93}.KEY Hybrid|Win32.ActiveCfg = Release|Win32
		{4E7834C6-88F6-47A4-AC22-7E976915ED93}.KEY Hybrid|Win32.Build.0 = Release|Win32
		{4E7834C6-88F6-47A4-AC22-7E976915ED93}.KEY Release|Win32.ActiveCfg = Release|Win32
		{4E7834C6-88F6-47A4-AC22-7E976915ED93}.KEY Release|Win32.Build.0 = Release|Win32
		{4E7834C6-88F6-47A4-AC22-7E976915ED93}.NFO Hybrid|Win32.ActiveCfg = Release|Win32
		{4E7834C6-88F6-47A4-AC22-7E976915ED93}.NFO Hybrid|Win32.Build.0 = Release|Win32
		{4E7834C6-88F6-47A4-AC22-7E976915ED93}.NFO Release|Win32.ActiveCfg = Release|Win32
		{4E7834C6-88F6-47A4-AC22-7E976915ED93}.NFO Release|Win32.Build.0 = Release|Win32
		{4E7834C6-88F6-47A4-AC22-7E976915ED93}.Release|Win32.ActiveCfg = Release|Win32
		{4E7834C6-88F6-47A4-AC22-7E976915ED93}.Release|Win32.Build.0 = Release|Win32
		{4E7834C6-88F6-47A4-AC22-7E976915ED93}.Template|Win32.ActiveCfg = Release|Win32
		{4E7834C6-88F6-47A4-AC22-7E976915ED93}.Template|Win32.Build.0 = Release|Win32
		{9EEFFC03-E0CF-4F05-A4B9-CA0B692F0195}.Debug|Win32.ActiveCfg = Debug|Win32
		{9EEFFC03-E0CF-4F05-A4B9-CA0B692F0195}.Debug|Win32.Build.0 = Debug|Win32
		{9EEFFC03-E0CF-4F05-A4B9-CA0B692F0195}.KEY Hybrid|Win32.ActiveCfg = Debug|Win32
		{9EEFFC03-E0CF-4F05-A4B9-CA0B692F0195}.KEY Hybrid|Win32.Build.0 = Debug|Win32
		{9EEFFC03-E0CF-4F05-A4B9-CA0B692F0195}.KEY Release|Win32.ActiveCfg = Release|Win32
		{9EEFFC03-E0CF-4F05-A4B9-CA0B692F0195}.KEY Release|Win32.Build.0 = Release|Win32
		{9EEFFC03-E0CF-4F05-A4B9-CA0B692F0195}.NFO Hybrid|Win32.ActiveCfg = Debug|Win32
		{9EEFFC03-E0CF-4F05-A4B9-CA0B692F0195}.NFO Hybrid|Win32.Build.0 = Debug|Win32
		{9EEFFC03-E0CF-4F05-A4B9-CA0B692F0195}.NFO Release|Win32.ActiveCfg = Release|Win32
		{9EEFFC03-E0CF-4F05-A4B9-CA0B692F0195}.NFO Release|Win32.Build.0 = Release|Win32
		{9EEFFC03-E0CF-4F05-A4B9-CA0B692F0195}.Release|Win32.ActiveCfg = Release|Win32
		{9EEFFC03-E0CF-4F05-A4B9-CA0B692F0195}.Release|Win32.Build.0 = Release|Win32
		{9EEFFC03-E0CF-4F05-A4B9-CA0B692F0195}.Template|Win32.ActiveCfg = Release|Win32
		{9EEFFC03-E0CF-4F05-A4B9-CA0B692F0195}.Template|Win32.Build.0 = Release|Win32
		{CFCEEDD6-74BB-4BDF-A68C-5ED644E1C61F}.Debug|Win32.ActiveCfg = Debug|Win32
		{CFCEEDD6-74BB-4BDF-A68C-5ED644E1C61F}.Debug|Win32.Build.0 = Debug|Win32
		{CFCEEDD6-74BB-4BDF-A68C-5ED644E1C61F}.KEY Hybrid|Win32.ActiveCfg = Release|Win32
		{CFCEEDD6-74BB-4BDF-A68C-5ED644E1C61F}.KEY Release|Win32.ActiveCfg = Release|Win32
		{CFCEEDD6-74BB-4BDF-A68C-5ED644E1C61F}.NFO Hybrid|Win32.ActiveCfg = Release|Win32
		{CFCEEDD6-74BB-4BDF-A68C-5ED644E1C61F}.NFO Release|Win32.ActiveCfg = Release|Win32
		{CFCEEDD6-74BB-4BDF-A68C-5ED644E1C61F}.Release|Win32.ActiveCfg = Release|Win32
		{CFCEEDD6-74BB-4BDF-A68C-5ED644E1C61F}.Release|Win32.Build.0 = Release|Win32
		{CFCEEDD6-74BB-4BDF-A68C-5ED644E1C61F}.Template|Win32.ActiveCfg = Release|Win32
		{CFCEEDD6-74BB-4BDF-A68C-5ED644E1C61F}.Template|Win32.Build.0 = Release|Win32
		{A284CC55-5933-4E4F-80D3-12968118B544}.Debug|Win32.ActiveCfg = Debug|Win32
		{A284CC55-5933-4E4F-80D3-12968118B544}.Debug|Win32.Build.0 = Debug|Win32
		{A284CC55-5933-4E4F-80D3-12968118B544}.KEY Hybrid|Win32.ActiveCfg = Debug|Win32
		{A284CC55-5933-4E4F-80D3-12968118B544}.KEY Hybrid|Win32.Build.0 = Debug|Win32
		{A284CC55-5933-4E4F-80D3-12968118B544}.KEY Release|Win32.ActiveCfg = Release|Win32
		{A284CC55-5933-4E4F-80D3-12968118B544}.KEY Release|Win32.Build.0 = Release|Win32
		{A284CC55-5933-4E4F-80D3-12968118B544}.NFO Hybrid|Win32.ActiveCfg = Debug|Win32
		{A284CC55-5933-4E4F-80D3-12968118B544}.NFO Hybrid|Win32.Build.0 = Debug|Win32
		{A284CC55-5933-4E4F-80D3-12968118B544}.NFO Release|Win32.ActiveCfg = Release|Win32
		{A284CC55-5933-4E4F-80D3-12968118B544}.NFO Release|Win32.Build.0 = Release|Win32
		{A284CC55-5933-4E4F-80D3-12968118B544}.Release|Win32.ActiveCfg = Release|Win32
		{A284CC55-5933-4E4F-80D3-12968118B544}.Release|Win32.Build.0 = Release|Win32
		{A284CC55-5933-4E4F-80D3-12968118B544}.Template|Win32.ActiveCfg = Template|Win32
		{A284CC55-5933-4E4F-80D3-12968118B544}.Template|Win32.Build.0 = Template|Win32
		{E91549ED-1B8F-412D-8472-9BCC3CD889DB}.Debug|Win32.ActiveCfg = Debug|Win32
		{E91549ED-1B8F-412D-8472-9BCC3CD889DB}.KEY Hybrid|Win32.ActiveCfg = Release|Win32
		{E91549ED-1B8F-412D-8472-9BCC3CD889DB}.KEY Hybrid|Win32.Build.0 = Release|Win32
		{E91549ED-1B8F-412D-8472-9BCC3CD889DB}.KEY Release|Win32.ActiveCfg = Release|Win32
		{E91549ED-1B8F-412D-8472-9BCC3CD889DB}.KEY Release|Win32.Build.0 = Release|Win32
		{E91549ED-1B8F-412D-8472-9BCC3CD889DB}.NFO Hybrid|Win32.ActiveCfg = Release|Win32
		{E91549ED-1B8F-412D-8472-9BCC3CD889DB}.NFO Hybrid|Win32.Build.0 = Release|Win32
		{E91549ED-1B8F-412D-8472-9BCC3CD889DB}.NFO Release|Win32.ActiveCfg = Release|Win32
		{E91549ED-1B8F-412D-8472-9BCC3CD889DB}.NFO Release|Win32.Build.0 = Release|Win32
		{E91549ED-1B8F-412D-8472-9BCC3CD889DB}.Release|Win32.ActiveCfg = Release|Win32
		{E91549ED-1B8F-412D-8472-9BCC3CD889DB}.Template|Win32.ActiveCfg = Release|Win32
		{E91549ED-1B8F-412D-8472-9BCC3CD889DB}.Template|Win32.Build.0 = Release|Win32
		{69549287-EBD7-4575-9E2E-77D93A83B0D7}.Debug|Win32.ActiveCfg = Debug|Win32
		{69549287-EBD7-4575-9E2E-77D93A83B0D7}.Debug|Win32.Build.0 = Debug|Win32
		{69549287-EBD7-4575-9E2E-77D93A83B0D7}.KEY Hybrid|Win32.ActiveCfg = Release|Win32
		{69549287-EBD7-4575-9E2E-77D93A83B0D7}.KEY Hybrid|Win32.Build.0 = Release|Win32
		{69549287-EBD7-4575-9E2E-77D93A83B0D7}.KEY Release|Win32.ActiveCfg = Release|Win32
		{69549287-EBD7-4575-9E2E-77D93A83B0D7}.KEY Release|Win32.Build.0 = Release|Win32
		{69549287-EBD7-4575-9E2E-77D93A83B0D7}.NFO Hybrid|Win32.ActiveCfg = Release|Win32
		{69549287-EBD7-4575-9E2E-77D93A83B0D7}.NFO Hybrid|Win32.Build.0 = Release|Win32
		{69549287-EBD7-4575-9E2E-77D93A83B0D7}.NFO Release|Win32.ActiveCfg = Release|Win32
		{69549287-EBD7-4575-9E2E-77D93A83B0D7}.NFO Release|Win32.Build.0 = Release|Win32
		{69549287-EBD7-4575-9E2E-77D93A83B0D7}.Release|Win32.ActiveCfg = Release|Win32
		{69549287-EBD7-4575-9E2E-77D93A83B0D7}.Release|Win32.Build.0 = Release|Win32
		{69549287-EBD7-4575-9E2E-77D93A83B0D7}.Template|Win32.ActiveCfg = Template|Win32
		{69549287-EBD7-4575-9E2E-77D93A83B0D7}.Template|Win32.Build.0 = Template|Win32
		{37B92A27-EFE6-4A02-A88A-EEC0068C0582}.Debug|Win32.ActiveCfg = Debug|Win32
		{37B92A27-EFE6-4A02-A88A-EEC0068C0582}.Debug|Win32.Build.0 = Debug|Win32
		{37B92A27-EFE6-4A02-A88A-EEC0068C0582}.KEY Hybrid|Win32.ActiveCfg = Release|Win32
		{37B92A27-EFE6-4A02-A88A-EEC0068C0582}.KEY Hybrid|Win32.Build.0 = Release|Win32
		{37B92A27-EFE6-4A02-A88A-EEC0068C0582}.KEY Release|Win32.ActiveCfg = Release|Win32
		{37B92A27-EFE6-4A02-A88A-EEC0068C0582}.KEY Release|Win32.Build.0 = Release|Win32
		{37B92A27-EFE6-4A02-A88A-EEC0068C0582}.NFO Hybrid|Win32.ActiveCfg = Release|Win32
		{37B92A27-EFE6-4A02-A88A-EEC0068C0582}.NFO Hybrid|Win32.Build.0 = Release|Win32
		{37B92A27-EFE6-4A02-A88A-EEC0068C0582}.NFO Release|Win32.ActiveCfg = Release|Win32
		{37B92A27-EFE6-4A02-A88A-EEC0068C0582}.NFO Release|Win32.Build.0 = Release|Win32
		{37B92A27-EFE6-4A02-A88A-EEC0068C0582}.Release|Win32.ActiveCfg = Release|Win32
		{37B92A27-EFE6-4A02-A88A-EEC0068C0582}.Release|Win32.Build.0 = Release|Win32
		{37B92A27-EFE6-4A02-A88A-EEC0068C0582}.Template|Win32.ActiveCfg = Release|Win32
		{37B92A27-EFE6-4A02-A88A-EEC0068C0582}.Template|Win32.Build.0 = Release|Win32
		{5FE0ADBE-49AD-4A4A-A8BB-1FDC66F410B1}.Debug|Win32.ActiveCfg = Debug|Win32
		{5FE0ADBE-49AD-4A4A-A8BB-1FDC66F410B1}.Debug|Win32.Build.0 = Debug|Win32
		{5FE0ADBE-49AD-4A4A-A8BB-1FDC66F410B1}.KEY Hybrid|Win32.ActiveCfg = Release|Win32
		{5FE0ADBE-49AD-4A4A-A8BB-1FDC66F410B1}.KEY Hybrid|Win32.Build.0 = Release|Win32
		{5FE0ADBE-49AD-4A4A-A8BB-1FDC66F410B1}.KEY Release|Win32.ActiveCfg = Release|Win32
		{5FE0ADBE-49AD-4A4A-A8BB-1FDC66F410B1}.KEY Release|Win32.Build.0 = Release|Win32
		{5FE0ADBE-49AD-4A4A-A8BB-1FDC66F410B1}.NFO Hybrid|Win32.ActiveCfg = Release|Win32
		{5FE0ADBE-49AD-4A4A-A8BB-1FDC66F410B1}.NFO Hybrid|Win32.Build.0 = Release|Win32
		{5FE0ADBE-49AD-4A4A-A8BB-1FDC66F410B1}.NFO Release|Win32.ActiveCfg = Release|Win32
		{5FE0ADBE-49AD-4A4A-A8BB-1FDC66F410B1}.NFO Release|Win32.Build.0 = Release|Win32
		{5FE0ADBE-49AD-4A4A-A8BB-1FDC66F410B1}.Release|Win32.ActiveCfg = Release|Win32
		{5FE0ADBE-49AD-4A4A-A8BB-1FDC66F410B1}.Release|Win32.Build.0 = Release|Win32
		{5FE0ADBE-49AD-4A4A-A8BB-1FDC66F410B1}.Template|Win32.ActiveCfg = Release|Win32
		{5FE0ADBE-49AD-4A4A-A8BB-1FDC66F410B1}.Template|Win32.Build.0 = Release|Win32
		{DA9C671F-1998-42EC-8D3C-F14AE13AD4AD}.Debug|Win32.ActiveCfg = Debug|Win32
		{DA9C671F-1998-42EC-8D3C-F14AE13AD4AD}.Debug|Win32.Build.0 = Debug|Win32
		{DA9C671F-1998-42EC-8D3C-F14AE13AD4AD}.KEY Hybrid|Win32.ActiveCfg = Release|Win32
		{DA9C671F-1998-42EC-8D3C-F14AE13AD4AD}.KEY Hybrid|Win32.Build.0 = Release|Win32
		{DA9C671F-1998-42EC-8D3C-F14AE13AD4AD}.KEY Release|Win32.ActiveCfg = Release|Win32
		{DA9C671F-1998-42EC-8D3C-F14AE13AD4AD}.KEY Release|Win32.Build.0 = Release|Win32
		{DA9C671F-1998-42EC-8D3C-F14AE13AD4AD}.NFO Hybrid|Win32.ActiveCfg = Release|Win32
		{DA9C671F-1998-42EC-8D3C-F14AE13AD4AD}.NFO Hybrid|Win32.Build.0 = Release|Win32
		{DA9C671F-1998-42EC-8D3C-F14AE13AD4AD}.NFO Release|Win32.ActiveCfg = Release|Win32
		{DA9C671F-1998-42EC-8D3C-F14AE13AD4AD}.NFO Release|Win32.Build.0 = Release|Win32
		{DA9C671F-1998-42EC-8D3C-F14AE13AD4AD}.Release|Win32.ActiveCfg = Release|Win32
		{DA9C671F-1998-42EC-8D3C-F14AE13AD4AD}.Release|Win32.Build.0 = Release|Win32
		{DA9C671F-1998-42EC-8D3C-F14AE13AD4AD}.Template|Win32.ActiveCfg = Release|Win32
		{DA9C671F-1998-42EC-8D3C-F14AE13AD4AD}.Template|Win32.Build.0 = Release|Win32
		{0E20717E-0F09-4AA9-ABB0-3FC8BE4F0799}.Debug|Win32.ActiveCfg = Debug|Win32
		{0E20717E-0F09-4AA9-ABB0-3FC8BE4F0799}.Debug|Win32.Build.0 = Debug|Win32
		{0E20717E-0F09-4AA9-ABB0-3FC8BE4F0799}.KEY Hybrid|Win32.ActiveCfg = Release|Win32
		{0E20717E-0F09-4AA9-ABB0-3FC8BE4F0799}.KEY Hybrid|Win32.Build.0 = Release|Win32
		{0E20717E-0F09-4AA9-ABB0-3FC8BE4F0799}.KEY Release|Win32.ActiveCfg = Release|Win32
		{0E20717E-0F09-4AA9-ABB0-3FC8BE4F0799}.KEY Release|Win32.Build.0 = Release|Win32
		{0E20717E-0F09-4AA9-ABB0-3FC8BE4F0799}.NFO Hybrid|Win32.ActiveCfg = Release|Win32
		{0E20717E-0F09-4AA9-ABB0-3FC8BE4F0799}.NFO Hybrid|Win32.Build.0 = Release|Win32
		{0E20717E-0F09-4AA9-ABB0-3FC8BE4F0799}.NFO Release|Win32.ActiveCfg = Release|Win32
		{0E20717E-0F09-4AA9-ABB0-3FC8BE4F0799}.NFO Release|Win32.Build.0 = Release|Win32
		{0E20717E-0F09-4AA9-ABB0-3FC8BE4F0799}.Release|Win32.ActiveCfg = Release|Win32
		{0E20717E-0F09-4AA9-ABB0-3FC8BE4F0799}.Release|Win32.Build.0 = Release|Win32
		{0E20717E-0F09-4AA9-ABB0-3FC8BE4F0799}.Template|Win32.ActiveCfg = Release|Win32
		{0E20717E-0F09-4AA9-ABB0-3FC8BE4F0799}.Template|Win32.Build.0 = Release|Win32
	EndGlobalSection
	GlobalSection(SolutionProperties) = preSolution
		HideSolutionNode = FALSE
	EndGlobalSection
	GlobalSection(NestedProjects) = preSolution
		{214EFB0F-5E73-4B33-8D6B-115A805E1228} = {C07F272A-91C3-4C6D-9764-C3A9ACE09D47}
		{CACE6139-1FAC-4158-BDFE-551962B79997} = {C07F272A-91C3-4C6D-9764-C3A9ACE09D47}
	EndGlobalSection
EndGlobal
