Microsoft Visual Studio Solution File, Format Version 8.00
Project("{8BC9CEB8-8B4A-11D0-8D11-00A0C91BC942}") = "jMinApp", "jMinApp.vcproj", "{5FE0ADBE-49AD-4A4A-A8BB-1FDC66F410B1}"
	ProjectSection(ProjectDependencies) = postProject
	EndProjectSection
EndProject
Global
	GlobalSection(SolutionConfiguration) = preSolution
		Debug = Debug
		Release = Release
	EndGlobalSection
	GlobalSection(ProjectConfiguration) = postSolution
		{5FE0ADBE-49AD-4A4A-A8BB-1FDC66F410B1}.Debug.ActiveCfg = Debug|Win32
		{5FE0ADBE-49AD-4A4A-A8BB-1FDC66F410B1}.Debug.Build.0 = Debug|Win32
		{5FE0ADBE-49AD-4A4A-A8BB-1FDC66F410B1}.Release.ActiveCfg = Release|Win32
		{5FE0ADBE-49AD-4A4A-A8BB-1FDC66F410B1}.Release.Build.0 = Release|Win32
	EndGlobalSection
	GlobalSection(ExtensibilityGlobals) = postSolution
	EndGlobalSection
	GlobalSection(ExtensibilityAddIns) = postSolution
	EndGlobalSection
EndGlobal
