<?xml version="1.0" encoding="utf-8"?>
<Project ToolsVersion="4.0" xmlns="http://schemas.microsoft.com/developer/msbuild/2003">
  <ItemGroup>
    <Filter Include="Source Files">
      <UniqueIdentifier>{4FC737F1-C7A5-4376-A066-2A32D752A2FF}</UniqueIdentifier>
      <Extensions>cpp;c;cxx;def;odl;idl;hpj;bat;asm;asmx</Extensions>
    </Filter>
    <Filter Include="Header Files">
      <UniqueIdentifier>{93995380-89BD-4b04-88EB-625FBE52EBFB}</UniqueIdentifier>
      <Extensions>h;hpp;hxx;hm;inl;inc;xsd</Extensions>
    </Filter>
    <Filter Include="Resource Files">
      <UniqueIdentifier>{67DA6AB6-F800-4c08-8B7A-83BB121AAD01}</UniqueIdentifier>
      <Extensions>rc;ico;cur;bmp;dlg;rc2;rct;bin;rgs;gif;jpg;jpeg;jpe;resx</Extensions>
    </Filter>
  </ItemGroup>
  <ItemGroup>
    <ClCompile Include="ActorWorkbench.cpp">
      <Filter>Source Files</Filter>
    </ClCompile>
    <ClCompile Include="ActorWorkbenchDoc.cpp">
      <Filter>Source Files</Filter>
    </ClCompile>
    <ClCompile Include="ActorWorkbenchView.cpp">
      <Filter>Source Files</Filter>
    </ClCompile>
    <ClCompile Include="Jet3DView.cpp">
      <Filter>Source Files</Filter>
    </ClCompile>
    <ClCompile Include="MainFrm.cpp">
      <Filter>Source Files</Filter>
    </ClCompile>
    <ClCompile Include="stdafx.cpp">
      <Filter>Source Files</Filter>
    </ClCompile>
    <ClCompile Include="ToolBrowser.cpp">
      <Filter>Source Files</Filter>
    </ClCompile>
  </ItemGroup>
  <ItemGroup>
    <ClInclude Include="ActorWorkbench.h">
      <Filter>Header Files</Filter>
    </ClInclude>
    <ClInclude Include="ActorWorkbenchDoc.h">
      <Filter>Header Files</Filter>
    </ClInclude>
    <ClInclude Include="ActorWorkbenchView.h">
      <Filter>Header Files</Filter>
    </ClInclude>
    <ClInclude Include="Jet3DView.h">
      <Filter>Header Files</Filter>
    </ClInclude>
    <ClInclude Include="MainFrm.h">
      <Filter>Header Files</Filter>
    </ClInclude>
    <ClInclude Include="Resource.h">
      <Filter>Header Files</Filter>
    </ClInclude>
    <ClInclude Include="stdafx.h">
      <Filter>Header Files</Filter>
    </ClInclude>
    <ClInclude Include="ToolBrowser.h">
      <Filter>Header Files</Filter>
    </ClInclude>
  </ItemGroup>
  <ItemGroup>
    <None Include="res\ActorWorkbench.ico">
      <Filter>Resource Files</Filter>
    </None>
    <None Include="res\ActorWorkbench.rc2">
      <Filter>Resource Files</Filter>
    </None>
    <None Include="res\ActorWorkbenchDoc.ico">
      <Filter>Resource Files</Filter>
    </None>
    <None Include="res\bone.bmp">
      <Filter>Resource Files</Filter>
    </None>
    <None Include="res\Head.ico">
      <Filter>Resource Files</Filter>
    </None>
    <None Include="res\materials.bmp">
      <Filter>Resource Files</Filter>
    </None>
    <None Include="res\motion.bmp">
      <Filter>Resource Files</Filter>
    </None>
    <None Include="res\Toolbar.bmp">
      <Filter>Resource Files</Filter>
    </None>
    <None Include="ActorWorkbench.reg" />
    <None Include="ReadMe.txt" />
  </ItemGroup>
  <ItemGroup>
    <ResourceCompile Include="ActorWorkbench.rc">
      <Filter>Resource Files</Filter>
    </ResourceCompile>
  </ItemGroup>
  <ItemGroup>
    <Manifest Include="res\ActorWorkbench.manifest" />
  </ItemGroup>
</Project>