<?xml version="1.0" encoding="utf-8"?>
<Project ToolsVersion="4.0" xmlns="http://schemas.microsoft.com/developer/msbuild/2003">
  <ItemGroup>
    <Filter Include="Source Files">
      <UniqueIdentifier>{4FC737F1-C7A5-4376-A066-2A32D752A2FF}</UniqueIdentifier>
      <Extensions>cpp;c;cxx;def;odl;idl;hpj;bat;asm;asmx</Extensions>
    </Filter>
    <Filter Include="Header Files">
      <UniqueIdentifier>{93995380-89BD-4b04-88EB-625FBE52EBFB}</UniqueIdentifier>
      <Extensions>h;hpp;hxx;hm;inl;inc;xsd</Extensions>
    </Filter>
    <Filter Include="Resource Files">
      <UniqueIdentifier>{67DA6AB6-F800-4c08-8B7A-83BB121AAD01}</UniqueIdentifier>
      <Extensions>rc;ico;cur;bmp;dlg;rc2;rct;bin;rgs;gif;jpg;jpeg;jpe;resx</Extensions>
    </Filter>
    <Filter Include="EOSScript">
      <UniqueIdentifier>{ddd1f969-06ba-4e21-9c74-fa9e1dd501aa}</UniqueIdentifier>
    </Filter>
  </ItemGroup>
  <ItemGroup>
    <ClCompile Include="Camera.cpp">
      <Filter>Source Files</Filter>
    </ClCompile>
    <ClCompile Include="GameLog.cpp">
      <Filter>Source Files</Filter>
    </ClCompile>
    <ClCompile Include="GameMgr.cpp">
      <Filter>Source Files</Filter>
    </ClCompile>
    <ClCompile Include="main.cpp">
      <Filter>Source Files</Filter>
    </ClCompile>
    <ClCompile Include="ScriptMgr.cpp">
      <Filter>Source Files</Filter>
    </ClCompile>
  </ItemGroup>
  <ItemGroup>
    <ClInclude Include="Camera.h">
      <Filter>Header Files</Filter>
    </ClInclude>
    <ClInclude Include="GameLog.h">
      <Filter>Header Files</Filter>
    </ClInclude>
    <ClInclude Include="GameMgr.h">
      <Filter>Header Files</Filter>
    </ClInclude>
    <ClInclude Include="GameObject.h">
      <Filter>Header Files</Filter>
    </ClInclude>
    <ClInclude Include="ScriptMgr.h">
      <Filter>Header Files</Filter>
    </ClInclude>
    <ClInclude Include="include\eosanalyse.h">
      <Filter>EOSScript</Filter>
    </ClInclude>
    <ClInclude Include="include\eosbase.h">
      <Filter>EOSScript</Filter>
    </ClInclude>
    <ClInclude Include="include\eosfunction.h">
      <Filter>EOSScript</Filter>
    </ClInclude>
    <ClInclude Include="include\eosinstr.h">
      <Filter>EOSScript</Filter>
    </ClInclude>
    <ClInclude Include="include\eoslog.h">
      <Filter>EOSScript</Filter>
    </ClInclude>
    <ClInclude Include="include\eosobject.h">
      <Filter>EOSScript</Filter>
    </ClInclude>
    <ClInclude Include="include\eosparser.h">
      <Filter>EOSScript</Filter>
    </ClInclude>
    <ClInclude Include="include\eosptr.h">
      <Filter>EOSScript</Filter>
    </ClInclude>
    <ClInclude Include="include\eosscript.h">
      <Filter>EOSScript</Filter>
    </ClInclude>
    <ClInclude Include="include\eossyntax.h">
      <Filter>EOSScript</Filter>
    </ClInclude>
    <ClInclude Include="include\eosutil.h">
      <Filter>EOSScript</Filter>
    </ClInclude>
    <ClInclude Include="include\eosutillib.h">
      <Filter>EOSScript</Filter>
    </ClInclude>
    <ClInclude Include="include\eosvalue.h">
      <Filter>EOSScript</Filter>
    </ClInclude>
    <ClInclude Include="include\eosvariable.h">
      <Filter>EOSScript</Filter>
    </ClInclude>
    <ClInclude Include="include\eosvm.h">
      <Filter>EOSScript</Filter>
    </ClInclude>
  </ItemGroup>
</Project>