<?xml version="1.0" encoding="utf-8"?>
<Project ToolsVersion="4.0" xmlns="http://schemas.microsoft.com/developer/msbuild/2003">
  <ItemGroup>
    <Filter Include="Source Files">
      <UniqueIdentifier>{924240ae-8f03-456a-89da-6fd4bf2f3af4}</UniqueIdentifier>
      <Extensions>cpp;c;cxx;rc;def;r;odl;idl;hpj;bat</Extensions>
    </Filter>
  </ItemGroup>
  <ItemGroup>
    <ClCompile Include="CamObject.c">
      <Filter>Source Files</Filter>
    </ClCompile>
    <ClCompile Include="ObjectDef.c">
      <Filter>Source Files</Filter>
    </ClCompile>
  </ItemGroup>
  <ItemGroup>
    <ClInclude Include="CamObject.h">
      <Filter>Source Files</Filter>
    </ClInclude>
    <ClInclude Include="ObjectDef.h">
      <Filter>Source Files</Filter>
    </ClInclude>
    <ClInclude Include="resource.h" />
  </ItemGroup>
  <ItemGroup>
    <ResourceCompile Include="CamObject.rc">
      <Filter>Source Files</Filter>
    </ResourceCompile>
  </ItemGroup>
  <ItemGroup>
    <None Include="CamObject.dep" />
    <None Include="CamObject.dsp" />
    <None Include="CamObject.mak" />
  </ItemGroup>
</Project>